
Microsoft Visual Studio Solution File, Format Version 12.00
# Visual Studio 15
VisualStudioVersion = 15.0.28307.1209
MinimumVisualStudioVersion = 10.0.40219.1
Project("{FAE04EC0-301F-11D3-BF4B-00C04F79EFBC}") = "sku_rule_engine", "sku_rule_engine\sku_rule_engine.csproj", "{10CD7DDC-E263-4352-804E-084D8217DAE3}"
EndProject
Global
	GlobalSection(SolutionConfigurationPlatforms) = preSolution
		Debug|Any CPU = Debug|Any CPU
		Release|Any CPU = Release|Any CPU
	EndGlobalSection
	GlobalSection(ProjectConfigurationPlatforms) = postSolution
		{10CD7DDC-E263-4352-804E-084D8217DAE3}.Debug|Any CPU.ActiveCfg = Debug|Any CPU
		{10CD7DDC-E263-4352-804E-084D8217DAE3}.Debug|Any CPU.Build.0 = Debug|Any CPU
		{10CD7DDC-E263-4352-804E-084D8217DAE3}.Release|Any CPU.ActiveCfg = Release|Any CPU
		{10CD7DDC-E263-4352-804E-084D8217DAE3}.Release|Any CPU.Build.0 = Release|Any CPU
	EndGlobalSection
	GlobalSection(SolutionProperties) = preSolution
		HideSolutionNode = FALSE
	EndGlobalSection
	GlobalSection(ExtensibilityGlobals) = postSolution
		SolutionGuid = {D90D125D-E34E-4B18-86EC-F7D42C5C052F}
	EndGlobalSection
EndGlobal
